# THIS IS AN AUTOGENERATED FILE. DO NOT EDIT THIS FILE DIRECTLY.
# yarn lockfile v1


"@other/baz@^1.0.0":
  version "1.6.0"
  resolved "https://registry.yarnpkg.com/@other/baz/-/baz-1.6.0.tgz#placeholder"
  integrity sha512-placeholder

"@scope/bar@~18.2.0":
  version "18.2.0"
  resolved "https://registry.yarnpkg.com/@scope/bar/-/bar-18.2.0.tgz#placeholder"
  integrity sha512-placeholder

"@scope/foo@^4.17.21":
  version "4.17.21"
  resolved "https://registry.yarnpkg.com/@scope/foo/-/foo-4.17.21.tgz#placeholder"
  integrity sha512-placeholder
