# This file is generated by running "yarn install" inside your project.
# Manual changes might be lost - proceed with caution!

__metadata:
  version: 9
  cacheKey: 10

"fake-lib-a@npm:^1.0.0":
  version: 1.0.0
  resolution: "fake-lib-a@npm:1.0.0"
  checksum: placeholder
  languageName: node
  linkType: hard

"fake-lib-b@npm:^1.0.0":
  version: 1.0.0
  resolution: "fake-lib-b@npm:1.0.0"
  checksum: placeholder
  languageName: node
  linkType: hard

"fake-lib-c@npm:^1.0.0":
  version: 1.0.0
  resolution: "fake-lib-c@npm:1.0.0"
  checksum: placeholder
  languageName: node
  linkType: hard

"fake-lib-d@npm:^1.0.0":
  version: 1.0.0
  resolution: "fake-lib-d@npm:1.0.0"
  checksum: placeholder
  languageName: node
  linkType: hard

"fake-lib-e@npm:^1.0.0":
  version: 1.0.0
  resolution: "fake-lib-e@npm:1.0.0"
  checksum: placeholder
  languageName: node
  linkType: hard

"fake-lib-noengines@npm:^1.0.0":
  version: 1.0.0
  resolution: "fake-lib-noengines@npm:1.0.0"
  checksum: placeholder
  languageName: node
  linkType: hard
