# THIS IS AN AUTOGENERATED FILE. DO NOT EDIT THIS FILE DIRECTLY.
# yarn lockfile v1


"@fake-scope/fake-lib-a@^1.0.0":
  version "1.0.0"
  resolved "https://registry.yarnpkg.com/@fake-scope/fake-lib-a/-/fake-lib-a-1.0.0.tgz#placeholder"
  integrity sha512-placeholder

fake-lib-b@^1.0.0:
  version "1.0.0"
  resolved "https://registry.yarnpkg.com/fake-lib-b/-/fake-lib-b-1.0.0.tgz#placeholder"
  integrity sha512-placeholder
