{
  "name": "fake-workspace-root",
  "lockfileVersion": 3,
  "requires": true,
  "packages": {
    "": { "workspaces": ["packages/*"] },
    "packages/a": { "version": "1.0.0", "dependencies": { "fake-foo": "^1.0.0" } },
    "packages/b": { "version": "1.0.0", "dependencies": { "fake-bar": "~2.3.0" } },
    "node_modules/fake-foo": { "version": "1.0.5" },
    "node_modules/fake-bar": { "version": "2.3.4" }
  }
}
