{
  "name": "ncd-fixture",
  "lockfileVersion": 3,
  "requires": true,
  "packages": {
    "": {
      "dependencies": {
        "bar": "^2.0.0"
      }
    },
    "node_modules/bar": {
      "version": "2.0.0",
      "dependencies": {
        "foo": "^1.0.0"
      }
    },
    "node_modules/foo": {
      "version": "1.0.0"
    }
  }
}
