{
  "name": "ncd-demo",
  "lockfileVersion": 3,
  "requires": true,
  "packages": {
    "": {
      "dependencies": {
        "fake-app": "^2.0.0",
        "fake-util": "^1.0.0"
      },
      "devDependencies": {
        "fake-test": "^3.0.0"
      }
    },
    "node_modules/fake-app": {
      "version": "2.4.1",
      "dependencies": { "fake-legacy": "~0.2.0" }
    },
    "node_modules/fake-legacy": {
      "version": "0.2.1"
    },
    "node_modules/fake-test": {
      "version": "3.5.0",
      "dev": true,
      "dependencies": { "fake-legacy": "^0.2.0" }
    },
    "node_modules/fake-util": {
      "version": "1.2.0"
    }
  }
}
