{
  "name": "fake",
  "lockfileVersion": 3,
  "requires": true,
  "packages": {
    "node_modules/fake-pkg-001": {
      "version": "1.0.1"
    },
    "node_modules/fake-pkg-002": {
      "version": "1.0.2"
    },
    "node_modules/fake-pkg-003": {
      "version": "1.0.3"
    },
    "node_modules/fake-pkg-004": {
      "version": "1.0.4"
    },
    "node_modules/fake-pkg-005": {
      "version": "1.0.5"
    },
    "node_modules/fake-pkg-006": {
      "version": "1.0.6"
    },
    "node_modules/fake-pkg-007": {
      "version": "1.0.7"
    },
    "node_modules/fake-pkg-008": {
      "version": "1.0.8"
    },
    "node_modules/fake-pkg-009": {
      "version": "1.0.9"
    },
    "node_modules/fake-pkg-010": {
      "version": "1.0.0"
    },
    "node_modules/fake-pkg-011": {
      "version": "1.0.1"
    },
    "node_modules/fake-pkg-012": {
      "version": "1.0.2"
    },
    "node_modules/fake-pkg-013": {
      "version": "1.0.3"
    },
    "node_modules/fake-pkg-014": {
      "version": "1.0.4"
    },
    "node_modules/fake-pkg-015": {
      "version": "1.0.5"
    },
    "node_modules/fake-pkg-016": {
      "version": "1.0.6"
    },
    "node_modules/fake-pkg-017": {
      "version": "1.0.7"
    },
    "node_modules/fake-pkg-018": {
      "version": "1.0.8"
    },
    "node_modules/fake-pkg-019": {
      "version": "1.0.9"
    },
    "node_modules/fake-pkg-020": {
      "version": "1.0.0"
    },
    "node_modules/fake-pkg-021": {
      "version": "1.0.1"
    },
    "node_modules/fake-pkg-022": {
      "version": "1.0.2"
    },
    "node_modules/fake-pkg-023": {
      "version": "1.0.3"
    },
    "node_modules/fake-pkg-024": {
      "version": "1.0.4"
    },
    "node_modules/fake-pkg-025": {
      "version": "1.0.5"
    },
    "node_modules/fake-pkg-026": {
      "version": "1.0.6"
    },
    "node_modules/fake-pkg-027": {
      "version": "1.0.7"
    },
    "node_modules/fake-pkg-028": {
      "version": "1.0.8"
    },
    "node_modules/fake-pkg-029": {
      "version": "1.0.9"
    },
    "node_modules/fake-pkg-030": {
      "version": "1.0.0"
    },
    "node_modules/fake-pkg-031": {
      "version": "1.0.1"
    },
    "node_modules/fake-pkg-032": {
      "version": "1.0.2"
    },
    "node_modules/fake-pkg-033": {
      "version": "1.0.3"
    },
    "node_modules/fake-pkg-034": {
      "version": "1.0.4"
    },
    "node_modules/fake-pkg-035": {
      "version": "1.0.5"
    },
    "node_modules/fake-pkg-036": {
      "version": "1.0.6"
    },
    "node_modules/fake-pkg-037": {
      "version": "1.0.7"
    },
    "node_modules/fake-pkg-038": {
      "version": "1.0.8"
    },
    "node_modules/fake-pkg-039": {
      "version": "1.0.9"
    },
    "node_modules/fake-pkg-040": {
      "version": "1.0.0"
    },
    "node_modules/fake-pkg-041": {
      "version": "1.0.1"
    },
    "node_modules/fake-pkg-042": {
      "version": "1.0.2"
    },
    "node_modules/fake-pkg-043": {
      "version": "1.0.3"
    },
    "node_modules/fake-pkg-044": {
      "version": "1.0.4"
    },
    "node_modules/fake-pkg-045": {
      "version": "1.0.5"
    },
    "node_modules/fake-pkg-046": {
      "version": "1.0.6"
    },
    "node_modules/fake-pkg-047": {
      "version": "1.0.7"
    },
    "node_modules/fake-pkg-048": {
      "version": "1.0.8"
    },
    "node_modules/fake-pkg-049": {
      "version": "1.0.9"
    },
    "node_modules/fake-pkg-050": {
      "version": "1.0.0"
    },
    "node_modules/fake-pkg-051": {
      "version": "1.0.1"
    },
    "node_modules/fake-pkg-052": {
      "version": "1.0.2"
    },
    "node_modules/fake-pkg-053": {
      "version": "1.0.3"
    },
    "node_modules/fake-pkg-054": {
      "version": "1.0.4"
    },
    "node_modules/fake-pkg-055": {
      "version": "1.0.5"
    },
    "node_modules/fake-pkg-056": {
      "version": "1.0.6"
    },
    "node_modules/fake-pkg-057": {
      "version": "1.0.7"
    },
    "node_modules/fake-pkg-058": {
      "version": "1.0.8"
    },
    "node_modules/fake-pkg-059": {
      "version": "1.0.9"
    },
    "node_modules/fake-pkg-060": {
      "version": "1.0.0"
    },
    "node_modules/fake-pkg-061": {
      "version": "1.0.1"
    },
    "node_modules/fake-pkg-062": {
      "version": "1.0.2"
    },
    "node_modules/fake-pkg-063": {
      "version": "1.0.3"
    },
    "node_modules/fake-pkg-064": {
      "version": "1.0.4"
    },
    "node_modules/fake-pkg-065": {
      "version": "1.0.5"
    },
    "node_modules/fake-pkg-066": {
      "version": "1.0.6"
    },
    "node_modules/fake-pkg-067": {
      "version": "1.0.7"
    },
    "node_modules/fake-pkg-068": {
      "version": "1.0.8"
    },
    "node_modules/fake-pkg-069": {
      "version": "1.0.9"
    },
    "node_modules/fake-pkg-070": {
      "version": "1.0.0"
    },
    "node_modules/fake-pkg-071": {
      "version": "1.0.1"
    },
    "node_modules/fake-pkg-072": {
      "version": "1.0.2"
    },
    "node_modules/fake-pkg-073": {
      "version": "1.0.3"
    },
    "node_modules/fake-pkg-074": {
      "version": "1.0.4"
    },
    "node_modules/fake-pkg-075": {
      "version": "1.0.5"
    },
    "node_modules/fake-pkg-076": {
      "version": "1.0.6"
    },
    "node_modules/fake-pkg-077": {
      "version": "1.0.7"
    },
    "node_modules/fake-pkg-078": {
      "version": "1.0.8"
    },
    "node_modules/fake-pkg-079": {
      "version": "1.0.9"
    },
    "node_modules/fake-pkg-080": {
      "version": "1.0.0"
    },
    "node_modules/fake-pkg-081": {
      "version": "1.0.1"
    },
    "node_modules/fake-pkg-082": {
      "version": "1.0.2"
    },
    "node_modules/fake-pkg-083": {
      "version": "1.0.3"
    },
    "node_modules/fake-pkg-084": {
      "version": "1.0.4"
    },
    "node_modules/fake-pkg-085": {
      "version": "1.0.5"
    },
    "node_modules/fake-pkg-086": {
      "version": "1.0.6"
    },
    "node_modules/fake-pkg-087": {
      "version": "1.0.7"
    },
    "node_modules/fake-pkg-088": {
      "version": "1.0.8"
    },
    "node_modules/fake-pkg-089": {
      "version": "1.0.9"
    },
    "node_modules/fake-pkg-090": {
      "version": "1.0.0"
    },
    "node_modules/fake-pkg-091": {
      "version": "1.0.1"
    },
    "node_modules/fake-pkg-092": {
      "version": "1.0.2"
    },
    "node_modules/fake-pkg-093": {
      "version": "1.0.3"
    },
    "node_modules/fake-pkg-094": {
      "version": "1.0.4"
    },
    "node_modules/fake-pkg-095": {
      "version": "1.0.5"
    },
    "node_modules/fake-pkg-096": {
      "version": "1.0.6"
    },
    "node_modules/fake-pkg-097": {
      "version": "1.0.7"
    },
    "node_modules/fake-pkg-098": {
      "version": "1.0.8"
    },
    "node_modules/fake-pkg-099": {
      "version": "1.0.9"
    },
    "node_modules/fake-pkg-100": {
      "version": "1.0.0"
    },
    "node_modules/fake-pkg-101": {
      "version": "1.0.1"
    },
    "node_modules/fake-pkg-102": {
      "version": "1.0.2"
    },
    "node_modules/fake-pkg-103": {
      "version": "1.0.3"
    },
    "node_modules/fake-pkg-104": {
      "version": "1.0.4"
    },
    "node_modules/fake-pkg-105": {
      "version": "1.0.5"
    },
    "node_modules/fake-pkg-106": {
      "version": "1.0.6"
    },
    "node_modules/fake-pkg-107": {
      "version": "1.0.7"
    },
    "node_modules/fake-pkg-108": {
      "version": "1.0.8"
    },
    "node_modules/fake-pkg-109": {
      "version": "1.0.9"
    },
    "node_modules/fake-pkg-110": {
      "version": "1.0.0"
    },
    "node_modules/fake-pkg-111": {
      "version": "1.0.1"
    },
    "node_modules/fake-pkg-112": {
      "version": "1.0.2"
    },
    "node_modules/fake-pkg-113": {
      "version": "1.0.3"
    },
    "node_modules/fake-pkg-114": {
      "version": "1.0.4"
    },
    "node_modules/fake-pkg-115": {
      "version": "1.0.5"
    },
    "node_modules/fake-pkg-116": {
      "version": "1.0.6"
    },
    "node_modules/fake-pkg-117": {
      "version": "1.0.7"
    },
    "node_modules/fake-pkg-118": {
      "version": "1.0.8"
    },
    "node_modules/fake-pkg-119": {
      "version": "1.0.9"
    },
    "node_modules/fake-pkg-120": {
      "version": "1.0.0"
    },
    "node_modules/fake-pkg-121": {
      "version": "1.0.1"
    },
    "node_modules/fake-pkg-122": {
      "version": "1.0.2"
    },
    "node_modules/fake-pkg-123": {
      "version": "1.0.3"
    },
    "node_modules/fake-pkg-124": {
      "version": "1.0.4"
    },
    "node_modules/fake-pkg-125": {
      "version": "1.0.5"
    },
    "node_modules/fake-pkg-126": {
      "version": "1.0.6"
    },
    "node_modules/fake-pkg-127": {
      "version": "1.0.7"
    },
    "node_modules/fake-pkg-128": {
      "version": "1.0.8"
    },
    "node_modules/fake-pkg-129": {
      "version": "1.0.9"
    },
    "node_modules/fake-pkg-130": {
      "version": "1.0.0"
    },
    "node_modules/fake-pkg-131": {
      "version": "1.0.1"
    },
    "node_modules/fake-pkg-132": {
      "version": "1.0.2"
    },
    "node_modules/fake-pkg-133": {
      "version": "1.0.3"
    },
    "node_modules/fake-pkg-134": {
      "version": "1.0.4"
    },
    "node_modules/fake-pkg-135": {
      "version": "1.0.5"
    },
    "node_modules/fake-pkg-136": {
      "version": "1.0.6"
    },
    "node_modules/fake-pkg-137": {
      "version": "1.0.7"
    },
    "node_modules/fake-pkg-138": {
      "version": "1.0.8"
    },
    "node_modules/fake-pkg-139": {
      "version": "1.0.9"
    },
    "node_modules/fake-pkg-140": {
      "version": "1.0.0"
    },
    "node_modules/fake-pkg-141": {
      "version": "1.0.1"
    },
    "node_modules/fake-pkg-142": {
      "version": "1.0.2"
    },
    "node_modules/fake-pkg-143": {
      "version": "1.0.3"
    },
    "node_modules/fake-pkg-144": {
      "version": "1.0.4"
    },
    "node_modules/fake-pkg-145": {
      "version": "1.0.5"
    },
    "node_modules/fake-pkg-146": {
      "version": "1.0.6"
    },
    "node_modules/fake-pkg-147": {
      "version": "1.0.7"
    },
    "node_modules/fake-pkg-148": {
      "version": "1.0.8"
    },
    "node_modules/fake-pkg-149": {
      "version": "1.0.9"
    },
    "node_modules/fake-pkg-150": {
      "version": "1.0.0"
    },
    "node_modules/fake-pkg-151": {
      "version": "1.0.1"
    },
    "node_modules/fake-pkg-152": {
      "version": "1.0.2"
    },
    "node_modules/fake-pkg-153": {
      "version": "1.0.3"
    },
    "node_modules/fake-pkg-154": {
      "version": "1.0.4"
    },
    "node_modules/fake-pkg-155": {
      "version": "1.0.5"
    },
    "node_modules/fake-pkg-156": {
      "version": "1.0.6"
    },
    "node_modules/fake-pkg-157": {
      "version": "1.0.7"
    },
    "node_modules/fake-pkg-158": {
      "version": "1.0.8"
    },
    "node_modules/fake-pkg-159": {
      "version": "1.0.9"
    },
    "node_modules/fake-pkg-160": {
      "version": "1.0.0"
    },
    "node_modules/fake-pkg-161": {
      "version": "1.0.1"
    },
    "node_modules/fake-pkg-162": {
      "version": "1.0.2"
    },
    "node_modules/fake-pkg-163": {
      "version": "1.0.3"
    },
    "node_modules/fake-pkg-164": {
      "version": "1.0.4"
    },
    "node_modules/fake-pkg-165": {
      "version": "1.0.5"
    },
    "node_modules/fake-pkg-166": {
      "version": "1.0.6"
    },
    "node_modules/fake-pkg-167": {
      "version": "1.0.7"
    },
    "node_modules/fake-pkg-168": {
      "version": "1.0.8"
    },
    "node_modules/fake-pkg-169": {
      "version": "1.0.9"
    },
    "node_modules/fake-pkg-170": {
      "version": "1.0.0"
    },
    "node_modules/fake-pkg-171": {
      "version": "1.0.1"
    },
    "node_modules/fake-pkg-172": {
      "version": "1.0.2"
    },
    "node_modules/fake-pkg-173": {
      "version": "1.0.3"
    },
    "node_modules/fake-pkg-174": {
      "version": "1.0.4"
    },
    "node_modules/fake-pkg-175": {
      "version": "1.0.5"
    },
    "node_modules/fake-pkg-176": {
      "version": "1.0.6"
    },
    "node_modules/fake-pkg-177": {
      "version": "1.0.7"
    },
    "node_modules/fake-pkg-178": {
      "version": "1.0.8"
    },
    "node_modules/fake-pkg-179": {
      "version": "1.0.9"
    },
    "node_modules/fake-pkg-180": {
      "version": "1.0.0"
    },
    "node_modules/fake-pkg-181": {
      "version": "1.0.1"
    },
    "node_modules/fake-pkg-182": {
      "version": "1.0.2"
    },
    "node_modules/fake-pkg-183": {
      "version": "1.0.3"
    },
    "node_modules/fake-pkg-184": {
      "version": "1.0.4"
    },
    "node_modules/fake-pkg-185": {
      "version": "1.0.5"
    },
    "node_modules/fake-pkg-186": {
      "version": "1.0.6"
    },
    "node_modules/fake-pkg-187": {
      "version": "1.0.7"
    },
    "node_modules/fake-pkg-188": {
      "version": "1.0.8"
    },
    "node_modules/fake-pkg-189": {
      "version": "1.0.9"
    },
    "node_modules/fake-pkg-190": {
      "version": "1.0.0"
    },
    "node_modules/fake-pkg-191": {
      "version": "1.0.1"
    },
    "node_modules/fake-pkg-192": {
      "version": "1.0.2"
    },
    "node_modules/fake-pkg-193": {
      "version": "1.0.3"
    },
    "node_modules/fake-pkg-194": {
      "version": "1.0.4"
    },
    "node_modules/fake-pkg-195": {
      "version": "1.0.5"
    },
    "node_modules/fake-pkg-196": {
      "version": "1.0.6"
    },
    "node_modules/fake-pkg-197": {
      "version": "1.0.7"
    },
    "node_modules/fake-pkg-198": {
      "version": "1.0.8"
    },
    "node_modules/fake-pkg-199": {
      "version": "1.0.9"
    },
    "node_modules/fake-pkg-200": {
      "version": "1.0.0"
    },
    "node_modules/fake-pkg-201": {
      "version": "1.0.1"
    },
    "node_modules/fake-pkg-202": {
      "version": "1.0.2"
    },
    "node_modules/fake-pkg-203": {
      "version": "1.0.3"
    },
    "node_modules/fake-pkg-204": {
      "version": "1.0.4"
    },
    "node_modules/fake-pkg-205": {
      "version": "1.0.5"
    },
    "node_modules/fake-pkg-206": {
      "version": "1.0.6"
    },
    "node_modules/fake-pkg-207": {
      "version": "1.0.7"
    },
    "node_modules/fake-pkg-208": {
      "version": "1.0.8"
    },
    "node_modules/fake-pkg-209": {
      "version": "1.0.9"
    },
    "node_modules/fake-pkg-210": {
      "version": "1.0.0"
    },
    "node_modules/fake-pkg-211": {
      "version": "1.0.1"
    },
    "node_modules/fake-pkg-212": {
      "version": "1.0.2"
    },
    "node_modules/fake-pkg-213": {
      "version": "1.0.3"
    },
    "node_modules/fake-pkg-214": {
      "version": "1.0.4"
    },
    "node_modules/fake-pkg-215": {
      "version": "1.0.5"
    },
    "node_modules/fake-pkg-216": {
      "version": "1.0.6"
    },
    "node_modules/fake-pkg-217": {
      "version": "1.0.7"
    },
    "node_modules/fake-pkg-218": {
      "version": "1.0.8"
    },
    "node_modules/fake-pkg-219": {
      "version": "1.0.9"
    },
    "node_modules/fake-pkg-220": {
      "version": "1.0.0"
    },
    "node_modules/fake-pkg-221": {
      "version": "1.0.1"
    },
    "node_modules/fake-pkg-222": {
      "version": "1.0.2"
    },
    "node_modules/fake-pkg-223": {
      "version": "1.0.3"
    },
    "node_modules/fake-pkg-224": {
      "version": "1.0.4"
    },
    "node_modules/fake-pkg-225": {
      "version": "1.0.5"
    },
    "node_modules/fake-pkg-226": {
      "version": "1.0.6"
    },
    "node_modules/fake-pkg-227": {
      "version": "1.0.7"
    },
    "node_modules/fake-pkg-228": {
      "version": "1.0.8"
    },
    "node_modules/fake-pkg-229": {
      "version": "1.0.9"
    },
    "node_modules/fake-pkg-230": {
      "version": "1.0.0"
    },
    "node_modules/fake-pkg-231": {
      "version": "1.0.1"
    },
    "node_modules/fake-pkg-232": {
      "version": "1.0.2"
    },
    "node_modules/fake-pkg-233": {
      "version": "1.0.3"
    },
    "node_modules/fake-pkg-234": {
      "version": "1.0.4"
    },
    "node_modules/fake-pkg-235": {
      "version": "1.0.5"
    },
    "node_modules/fake-pkg-236": {
      "version": "1.0.6"
    },
    "node_modules/fake-pkg-237": {
      "version": "1.0.7"
    },
    "node_modules/fake-pkg-238": {
      "version": "1.0.8"
    },
    "node_modules/fake-pkg-239": {
      "version": "1.0.9"
    },
    "node_modules/fake-pkg-240": {
      "version": "1.0.0"
    },
    "node_modules/fake-pkg-241": {
      "version": "1.0.1"
    },
    "node_modules/fake-pkg-242": {
      "version": "1.0.2"
    },
    "node_modules/fake-pkg-243": {
      "version": "1.0.3"
    },
    "node_modules/fake-pkg-244": {
      "version": "1.0.4"
    },
    "node_modules/fake-pkg-245": {
      "version": "1.0.5"
    },
    "node_modules/fake-pkg-246": {
      "version": "1.0.6"
    },
    "node_modules/fake-pkg-247": {
      "version": "1.0.7"
    },
    "node_modules/fake-pkg-248": {
      "version": "1.0.8"
    },
    "node_modules/fake-pkg-249": {
      "version": "1.0.9"
    },
    "node_modules/fake-pkg-250": {
      "version": "1.0.0"
    },
    "node_modules/fake-pkg-251": {
      "version": "1.0.1"
    },
    "node_modules/fake-pkg-252": {
      "version": "1.0.2"
    },
    "node_modules/fake-pkg-253": {
      "version": "1.0.3"
    },
    "node_modules/fake-pkg-254": {
      "version": "1.0.4"
    },
    "node_modules/fake-pkg-255": {
      "version": "1.0.5"
    },
    "node_modules/fake-pkg-256": {
      "version": "1.0.6"
    },
    "node_modules/fake-pkg-257": {
      "version": "1.0.7"
    },
    "node_modules/fake-pkg-258": {
      "version": "1.0.8"
    },
    "node_modules/fake-pkg-259": {
      "version": "1.0.9"
    },
    "node_modules/fake-pkg-260": {
      "version": "1.0.0"
    },
    "node_modules/fake-pkg-261": {
      "version": "1.0.1"
    },
    "node_modules/fake-pkg-262": {
      "version": "1.0.2"
    },
    "node_modules/fake-pkg-263": {
      "version": "1.0.3"
    },
    "node_modules/fake-pkg-264": {
      "version": "1.0.4"
    },
    "node_modules/fake-pkg-265": {
      "version": "1.0.5"
    },
    "node_modules/fake-pkg-266": {
      "version": "1.0.6"
    },
    "node_modules/fake-pkg-267": {
      "version": "1.0.7"
    },
    "node_modules/fake-pkg-268": {
      "version": "1.0.8"
    },
    "node_modules/fake-pkg-269": {
      "version": "1.0.9"
    },
    "node_modules/fake-pkg-270": {
      "version": "1.0.0"
    },
    "node_modules/fake-pkg-271": {
      "version": "1.0.1"
    },
    "node_modules/fake-pkg-272": {
      "version": "1.0.2"
    },
    "node_modules/fake-pkg-273": {
      "version": "1.0.3"
    },
    "node_modules/fake-pkg-274": {
      "version": "1.0.4"
    },
    "node_modules/fake-pkg-275": {
      "version": "1.0.5"
    },
    "node_modules/fake-pkg-276": {
      "version": "1.0.6"
    },
    "node_modules/fake-pkg-277": {
      "version": "1.0.7"
    },
    "node_modules/fake-pkg-278": {
      "version": "1.0.8"
    },
    "node_modules/fake-pkg-279": {
      "version": "1.0.9"
    },
    "node_modules/fake-pkg-280": {
      "version": "1.0.0"
    },
    "node_modules/fake-pkg-281": {
      "version": "1.0.1"
    },
    "node_modules/fake-pkg-282": {
      "version": "1.0.2"
    },
    "node_modules/fake-pkg-283": {
      "version": "1.0.3"
    },
    "node_modules/fake-pkg-284": {
      "version": "1.0.4"
    },
    "node_modules/fake-pkg-285": {
      "version": "1.0.5"
    },
    "node_modules/fake-pkg-286": {
      "version": "1.0.6"
    },
    "node_modules/fake-pkg-287": {
      "version": "1.0.7"
    },
    "node_modules/fake-pkg-288": {
      "version": "1.0.8"
    },
    "node_modules/fake-pkg-289": {
      "version": "1.0.9"
    },
    "node_modules/fake-pkg-290": {
      "version": "1.0.0"
    },
    "node_modules/fake-pkg-291": {
      "version": "1.0.1"
    },
    "node_modules/fake-pkg-292": {
      "version": "1.0.2"
    },
    "node_modules/fake-pkg-293": {
      "version": "1.0.3"
    },
    "node_modules/fake-pkg-294": {
      "version": "1.0.4"
    },
    "node_modules/fake-pkg-295": {
      "version": "1.0.5"
    },
    "node_modules/fake-pkg-296": {
      "version": "1.0.6"
    },
    "node_modules/fake-pkg-297": {
      "version": "1.0.7"
    },
    "node_modules/fake-pkg-298": {
      "version": "1.0.8"
    },
    "node_modules/fake-pkg-299": {
      "version": "1.0.9"
    },
    "node_modules/fake-pkg-300": {
      "version": "1.0.0"
    },
    "node_modules/fake-pkg-301": {
      "version": "1.0.1"
    },
    "node_modules/fake-pkg-302": {
      "version": "1.0.2"
    },
    "node_modules/fake-pkg-303": {
      "version": "1.0.3"
    },
    "node_modules/fake-pkg-304": {
      "version": "1.0.4"
    },
    "node_modules/fake-pkg-305": {
      "version": "1.0.5"
    },
    "node_modules/fake-pkg-306": {
      "version": "1.0.6"
    },
    "node_modules/fake-pkg-307": {
      "version": "1.0.7"
    },
    "node_modules/fake-pkg-308": {
      "version": "1.0.8"
    },
    "node_modules/fake-pkg-309": {
      "version": "1.0.9"
    },
    "node_modules/fake-pkg-310": {
      "version": "1.0.0"
    },
    "node_modules/fake-pkg-311": {
      "version": "1.0.1"
    },
    "node_modules/fake-pkg-312": {
      "version": "1.0.2"
    },
    "node_modules/fake-pkg-313": {
      "version": "1.0.3"
    },
    "node_modules/fake-pkg-314": {
      "version": "1.0.4"
    },
    "node_modules/fake-pkg-315": {
      "version": "1.0.5"
    },
    "node_modules/fake-pkg-316": {
      "version": "1.0.6"
    },
    "node_modules/fake-pkg-317": {
      "version": "1.0.7"
    },
    "node_modules/fake-pkg-318": {
      "version": "1.0.8"
    },
    "node_modules/fake-pkg-319": {
      "version": "1.0.9"
    },
    "node_modules/fake-pkg-320": {
      "version": "1.0.0"
    },
    "node_modules/fake-pkg-321": {
      "version": "1.0.1"
    },
    "node_modules/fake-pkg-322": {
      "version": "1.0.2"
    },
    "node_modules/fake-pkg-323": {
      "version": "1.0.3"
    },
    "node_modules/fake-pkg-324": {
      "version": "1.0.4"
    },
    "node_modules/fake-pkg-325": {
      "version": "1.0.5"
    },
    "node_modules/fake-pkg-326": {
      "version": "1.0.6"
    },
    "node_modules/fake-pkg-327": {
      "version": "1.0.7"
    },
    "node_modules/fake-pkg-328": {
      "version": "1.0.8"
    },
    "node_modules/fake-pkg-329": {
      "version": "1.0.9"
    },
    "node_modules/fake-pkg-330": {
      "version": "1.0.0"
    },
    "node_modules/fake-pkg-331": {
      "version": "1.0.1"
    },
    "node_modules/fake-pkg-332": {
      "version": "1.0.2"
    },
    "node_modules/fake-pkg-333": {
      "version": "1.0.3"
    },
    "node_modules/fake-pkg-334": {
      "version": "1.0.4"
    },
    "node_modules/fake-pkg-335": {
      "version": "1.0.5"
    },
    "node_modules/fake-pkg-336": {
      "version": "1.0.6"
    },
    "node_modules/fake-pkg-337": {
      "version": "1.0.7"
    },
    "node_modules/fake-pkg-338": {
      "version": "1.0.8"
    },
    "node_modules/fake-pkg-339": {
      "version": "1.0.9"
    },
    "node_modules/fake-pkg-340": {
      "version": "1.0.0"
    },
    "node_modules/fake-pkg-341": {
      "version": "1.0.1"
    },
    "node_modules/fake-pkg-342": {
      "version": "1.0.2"
    },
    "node_modules/fake-pkg-343": {
      "version": "1.0.3"
    },
    "node_modules/fake-pkg-344": {
      "version": "1.0.4"
    },
    "node_modules/fake-pkg-345": {
      "version": "1.0.5"
    },
    "node_modules/fake-pkg-346": {
      "version": "1.0.6"
    },
    "node_modules/fake-pkg-347": {
      "version": "1.0.7"
    },
    "node_modules/fake-pkg-348": {
      "version": "1.0.8"
    },
    "node_modules/fake-pkg-349": {
      "version": "1.0.9"
    },
    "node_modules/fake-pkg-350": {
      "version": "1.0.0"
    },
    "node_modules/fake-pkg-351": {
      "version": "1.0.1"
    },
    "node_modules/fake-pkg-352": {
      "version": "1.0.2"
    },
    "node_modules/fake-pkg-353": {
      "version": "1.0.3"
    },
    "node_modules/fake-pkg-354": {
      "version": "1.0.4"
    },
    "node_modules/fake-pkg-355": {
      "version": "1.0.5"
    },
    "node_modules/fake-pkg-356": {
      "version": "1.0.6"
    },
    "node_modules/fake-pkg-357": {
      "version": "1.0.7"
    },
    "node_modules/fake-pkg-358": {
      "version": "1.0.8"
    },
    "node_modules/fake-pkg-359": {
      "version": "1.0.9"
    },
    "node_modules/fake-pkg-360": {
      "version": "1.0.0"
    },
    "node_modules/fake-pkg-361": {
      "version": "1.0.1"
    },
    "node_modules/fake-pkg-362": {
      "version": "1.0.2"
    },
    "node_modules/fake-pkg-363": {
      "version": "1.0.3"
    },
    "node_modules/fake-pkg-364": {
      "version": "1.0.4"
    },
    "node_modules/fake-pkg-365": {
      "version": "1.0.5"
    },
    "node_modules/fake-pkg-366": {
      "version": "1.0.6"
    },
    "node_modules/fake-pkg-367": {
      "version": "1.0.7"
    },
    "node_modules/fake-pkg-368": {
      "version": "1.0.8"
    },
    "node_modules/fake-pkg-369": {
      "version": "1.0.9"
    },
    "node_modules/fake-pkg-370": {
      "version": "1.0.0"
    },
    "node_modules/fake-pkg-371": {
      "version": "1.0.1"
    },
    "node_modules/fake-pkg-372": {
      "version": "1.0.2"
    },
    "node_modules/fake-pkg-373": {
      "version": "1.0.3"
    },
    "node_modules/fake-pkg-374": {
      "version": "1.0.4"
    },
    "node_modules/fake-pkg-375": {
      "version": "1.0.5"
    },
    "node_modules/fake-pkg-376": {
      "version": "1.0.6"
    },
    "node_modules/fake-pkg-377": {
      "version": "1.0.7"
    },
    "node_modules/fake-pkg-378": {
      "version": "1.0.8"
    },
    "node_modules/fake-pkg-379": {
      "version": "1.0.9"
    },
    "node_modules/fake-pkg-380": {
      "version": "1.0.0"
    },
    "node_modules/fake-pkg-381": {
      "version": "1.0.1"
    },
    "node_modules/fake-pkg-382": {
      "version": "1.0.2"
    },
    "node_modules/fake-pkg-383": {
      "version": "1.0.3"
    },
    "node_modules/fake-pkg-384": {
      "version": "1.0.4"
    },
    "node_modules/fake-pkg-385": {
      "version": "1.0.5"
    },
    "node_modules/fake-pkg-386": {
      "version": "1.0.6"
    },
    "node_modules/fake-pkg-387": {
      "version": "1.0.7"
    },
    "node_modules/fake-pkg-388": {
      "version": "1.0.8"
    },
    "node_modules/fake-pkg-389": {
      "version": "1.0.9"
    },
    "node_modules/fake-pkg-390": {
      "version": "1.0.0"
    },
    "node_modules/fake-pkg-391": {
      "version": "1.0.1"
    },
    "node_modules/fake-pkg-392": {
      "version": "1.0.2"
    },
    "node_modules/fake-pkg-393": {
      "version": "1.0.3"
    },
    "node_modules/fake-pkg-394": {
      "version": "1.0.4"
    },
    "node_modules/fake-pkg-395": {
      "version": "1.0.5"
    },
    "node_modules/fake-pkg-396": {
      "version": "1.0.6"
    },
    "node_modules/fake-pkg-397": {
      "version": "1.0.7"
    },
    "node_modules/fake-pkg-398": {
      "version": "1.0.8"
    },
    "node_modules/fake-pkg-399": {
      "version": "1.0.9"
    },
    "node_modules/fake-pkg-400": {
      "version": "1.0.0"
    },
    "node_modules/fake-pkg-401": {
      "version": "1.0.1"
    },
    "node_modules/fake-pkg-402": {
      "version": "1.0.2"
    },
    "node_modules/fake-pkg-403": {
      "version": "1.0.3"
    },
    "node_modules/fake-pkg-404": {
      "version": "1.0.4"
    },
    "node_modules/fake-pkg-405": {
      "version": "1.0.5"
    },
    "node_modules/fake-pkg-406": {
      "version": "1.0.6"
    },
    "node_modules/fake-pkg-407": {
      "version": "1.0.7"
    },
    "node_modules/fake-pkg-408": {
      "version": "1.0.8"
    },
    "node_modules/fake-pkg-409": {
      "version": "1.0.9"
    },
    "node_modules/fake-pkg-410": {
      "version": "1.0.0"
    },
    "node_modules/fake-pkg-411": {
      "version": "1.0.1"
    },
    "node_modules/fake-pkg-412": {
      "version": "1.0.2"
    },
    "node_modules/fake-pkg-413": {
      "version": "1.0.3"
    },
    "node_modules/fake-pkg-414": {
      "version": "1.0.4"
    },
    "node_modules/fake-pkg-415": {
      "version": "1.0.5"
    },
    "node_modules/fake-pkg-416": {
      "version": "1.0.6"
    },
    "node_modules/fake-pkg-417": {
      "version": "1.0.7"
    },
    "node_modules/fake-pkg-418": {
      "version": "1.0.8"
    },
    "node_modules/fake-pkg-419": {
      "version": "1.0.9"
    },
    "node_modules/fake-pkg-420": {
      "version": "1.0.0"
    },
    "node_modules/fake-pkg-421": {
      "version": "1.0.1"
    },
    "node_modules/fake-pkg-422": {
      "version": "1.0.2"
    },
    "node_modules/fake-pkg-423": {
      "version": "1.0.3"
    },
    "node_modules/fake-pkg-424": {
      "version": "1.0.4"
    },
    "node_modules/fake-pkg-425": {
      "version": "1.0.5"
    },
    "node_modules/fake-pkg-426": {
      "version": "1.0.6"
    },
    "node_modules/fake-pkg-427": {
      "version": "1.0.7"
    },
    "node_modules/fake-pkg-428": {
      "version": "1.0.8"
    },
    "node_modules/fake-pkg-429": {
      "version": "1.0.9"
    },
    "node_modules/fake-pkg-430": {
      "version": "1.0.0"
    },
    "node_modules/fake-pkg-431": {
      "version": "1.0.1"
    },
    "node_modules/fake-pkg-432": {
      "version": "1.0.2"
    },
    "node_modules/fake-pkg-433": {
      "version": "1.0.3"
    },
    "node_modules/fake-pkg-434": {
      "version": "1.0.4"
    },
    "node_modules/fake-pkg-435": {
      "version": "1.0.5"
    },
    "node_modules/fake-pkg-436": {
      "version": "1.0.6"
    },
    "node_modules/fake-pkg-437": {
      "version": "1.0.7"
    },
    "node_modules/fake-pkg-438": {
      "version": "1.0.8"
    },
    "node_modules/fake-pkg-439": {
      "version": "1.0.9"
    },
    "node_modules/fake-pkg-440": {
      "version": "1.0.0"
    },
    "node_modules/fake-pkg-441": {
      "version": "1.0.1"
    },
    "node_modules/fake-pkg-442": {
      "version": "1.0.2"
    },
    "node_modules/fake-pkg-443": {
      "version": "1.0.3"
    },
    "node_modules/fake-pkg-444": {
      "version": "1.0.4"
    },
    "node_modules/fake-pkg-445": {
      "version": "1.0.5"
    },
    "node_modules/fake-pkg-446": {
      "version": "1.0.6"
    },
    "node_modules/fake-pkg-447": {
      "version": "1.0.7"
    },
    "node_modules/fake-pkg-448": {
      "version": "1.0.8"
    },
    "node_modules/fake-pkg-449": {
      "version": "1.0.9"
    },
    "node_modules/fake-pkg-450": {
      "version": "1.0.0"
    },
    "node_modules/fake-pkg-451": {
      "version": "1.0.1"
    },
    "node_modules/fake-pkg-452": {
      "version": "1.0.2"
    },
    "node_modules/fake-pkg-453": {
      "version": "1.0.3"
    },
    "node_modules/fake-pkg-454": {
      "version": "1.0.4"
    },
    "node_modules/fake-pkg-455": {
      "version": "1.0.5"
    },
    "node_modules/fake-pkg-456": {
      "version": "1.0.6"
    },
    "node_modules/fake-pkg-457": {
      "version": "1.0.7"
    },
    "node_modules/fake-pkg-458": {
      "version": "1.0.8"
    },
    "node_modules/fake-pkg-459": {
      "version": "1.0.9"
    },
    "node_modules/fake-pkg-460": {
      "version": "1.0.0"
    },
    "node_modules/fake-pkg-461": {
      "version": "1.0.1"
    },
    "node_modules/fake-pkg-462": {
      "version": "1.0.2"
    },
    "node_modules/fake-pkg-463": {
      "version": "1.0.3"
    },
    "node_modules/fake-pkg-464": {
      "version": "1.0.4"
    },
    "node_modules/fake-pkg-465": {
      "version": "1.0.5"
    },
    "node_modules/fake-pkg-466": {
      "version": "1.0.6"
    },
    "node_modules/fake-pkg-467": {
      "version": "1.0.7"
    },
    "node_modules/fake-pkg-468": {
      "version": "1.0.8"
    },
    "node_modules/fake-pkg-469": {
      "version": "1.0.9"
    },
    "node_modules/fake-pkg-470": {
      "version": "1.0.0"
    },
    "node_modules/fake-pkg-471": {
      "version": "1.0.1"
    },
    "node_modules/fake-pkg-472": {
      "version": "1.0.2"
    },
    "node_modules/fake-pkg-473": {
      "version": "1.0.3"
    },
    "node_modules/fake-pkg-474": {
      "version": "1.0.4"
    },
    "node_modules/fake-pkg-475": {
      "version": "1.0.5"
    },
    "node_modules/fake-pkg-476": {
      "version": "1.0.6"
    },
    "node_modules/fake-pkg-477": {
      "version": "1.0.7"
    },
    "node_modules/fake-pkg-478": {
      "version": "1.0.8"
    },
    "node_modules/fake-pkg-479": {
      "version": "1.0.9"
    },
    "node_modules/fake-pkg-480": {
      "version": "1.0.0"
    },
    "node_modules/fake-pkg-481": {
      "version": "1.0.1"
    },
    "node_modules/fake-pkg-482": {
      "version": "1.0.2"
    },
    "node_modules/fake-pkg-483": {
      "version": "1.0.3"
    },
    "node_modules/fake-pkg-484": {
      "version": "1.0.4"
    },
    "node_modules/fake-pkg-485": {
      "version": "1.0.5"
    },
    "node_modules/fake-pkg-486": {
      "version": "1.0.6"
    },
    "node_modules/fake-pkg-487": {
      "version": "1.0.7"
    },
    "node_modules/fake-pkg-488": {
      "version": "1.0.8"
    },
    "node_modules/fake-pkg-489": {
      "version": "1.0.9"
    },
    "node_modules/fake-pkg-490": {
      "version": "1.0.0"
    },
    "node_modules/fake-pkg-491": {
      "version": "1.0.1"
    },
    "node_modules/fake-pkg-492": {
      "version": "1.0.2"
    },
    "node_modules/fake-pkg-493": {
      "version": "1.0.3"
    },
    "node_modules/fake-pkg-494": {
      "version": "1.0.4"
    },
    "node_modules/fake-pkg-495": {
      "version": "1.0.5"
    },
    "node_modules/fake-pkg-496": {
      "version": "1.0.6"
    },
    "node_modules/fake-pkg-497": {
      "version": "1.0.7"
    },
    "node_modules/fake-pkg-498": {
      "version": "1.0.8"
    },
    "node_modules/fake-pkg-499": {
      "version": "1.0.9"
    },
    "node_modules/fake-pkg-500": {
      "version": "1.0.0"
    }
  }
}
