# THIS IS AN AUTOGENERATED FILE. DO NOT EDIT THIS FILE DIRECTLY.
# yarn lockfile v1


fake-lib-a@^1.0.0:
  version "1.0.0"
  resolved "https://registry.yarnpkg.com/fake-lib-a/-/fake-lib-a-1.0.0.tgz#placeholder"
  integrity sha512-placeholder

fake-lib-b@^1.0.0:
  version "1.0.0"
  resolved "https://registry.yarnpkg.com/fake-lib-b/-/fake-lib-b-1.0.0.tgz#placeholder"
  integrity sha512-placeholder

fake-lib-c@^1.0.0:
  version "1.0.0"
  resolved "https://registry.yarnpkg.com/fake-lib-c/-/fake-lib-c-1.0.0.tgz#placeholder"
  integrity sha512-placeholder

fake-lib-d@^1.0.0:
  version "1.0.0"
  resolved "https://registry.yarnpkg.com/fake-lib-d/-/fake-lib-d-1.0.0.tgz#placeholder"
  integrity sha512-placeholder

fake-lib-e@^1.0.0:
  version "1.0.0"
  resolved "https://registry.yarnpkg.com/fake-lib-e/-/fake-lib-e-1.0.0.tgz#placeholder"
  integrity sha512-placeholder

fake-lib-noengines@^1.0.0:
  version "1.0.0"
  resolved "https://registry.yarnpkg.com/fake-lib-noengines/-/fake-lib-noengines-1.0.0.tgz#placeholder"
  integrity sha512-placeholder
