{
  "name": "fake",
  "lockfileVersion": 3,
  "requires": true,
  "packages": {
    "": {},
    "node_modules/with-wildcard": {
      "engines": {
        "node": "*"
      }
    },
    "node_modules/without-engines": {},
    "node_modules/with-constraint": {
      "engines": {
        "node": ">=16.0.0"
      }
    }
  }
}
