{
  "name": "ncd-workspace-fixture",
  "lockfileVersion": 3,
  "requires": true,
  "packages": {
    "": { "workspaces": ["packages/*"] },
    "packages/a": { "version": "1.0.0", "dependencies": { "bar": "^2.0.0" } },
    "packages/b": { "version": "1.0.0", "dependencies": { "qux": "^1.0.0" } },
    "node_modules/bar": { "version": "2.0.0", "dependencies": { "foo": "^1.0.0" } },
    "node_modules/foo": { "version": "1.0.0" },
    "node_modules/qux": { "version": "1.0.0" }
  }
}
