lockfileVersion: '9.0'

settings:
  autoInstallPeers: true
  excludeLinksFromLockfile: false

packages:

  '@babel/core@7.20.7':
    resolution:
      integrity: sha512-placeholder
    engines:
      node: '>=6.9.0'

  eslint@8.30.0:
    resolution:
      integrity: sha512-placeholder
    engines:
      node: ^12.22.0 || ^14.17.0 || >=16.0.0
    hasBin: true

snapshots:

  '@babel/core@7.20.7': {}

  eslint@8.30.0: {}
