lockfileVersion: '9.0'

importers:
  .:
    dependencies: {}

  packages/a:
    dependencies:
      fake-foo:
        specifier: ^1.0.0
        version: 1.0.5
      fake-baz:
        specifier: 'catalog:'
        version: 3.1.0

  packages/b:
    dependencies:
      fake-bar:
        specifier: ~2.3.0
        version: 2.3.4

packages:
  fake-foo@1.0.5: {}

  fake-bar@2.3.4: {}

  fake-baz@3.1.0: {}

snapshots:
  fake-foo@1.0.5: {}

  fake-bar@2.3.4: {}

  fake-baz@3.1.0: {}
