# This file is generated by running "yarn install" inside your project.
# Manual changes might be lost - proceed with caution!

__metadata:
  version: 5
  cacheKey: 8

"foo@npm:^4.17.21":
  version: 4.17.21
  resolution: "foo@npm:4.17.21"
  checksum: placeholder
  languageName: node
  linkType: hard

"bar@npm:~18.2.0":
  version: 18.2.0
  resolution: "bar@npm:18.2.0"
  checksum: placeholder
  languageName: node
  linkType: hard

"baz@npm:^1.0.0":
  version: 1.6.0
  resolution: "baz@npm:1.6.0"
  checksum: placeholder
  languageName: node
  linkType: hard
